
Microsoft Visual Studio Solution File, Format Version 12.00
# Visual Studio Version 17
VisualStudioVersion = 17.14.36518.9
MinimumVisualStudioVersion = 10.0.40219.1
Project("{2150E333-8FDC-42A3-9474-1A3956D46DE8}") = "src", "src", "{827E0CD3-B72D-47B6-A68D-7590B98EB39B}"
EndProject
Project("{FAE04EC0-301F-11D3-BF4B-00C04F79EFBC}") = "Vela.Core", "src\Vela.Core\Vela.Core.csproj", "{94BCD769-9BEB-48DD-9CE4-21B887D11535}"
EndProject
Project("{FAE04EC0-301F-11D3-BF4B-00C04F79EFBC}") = "Vela.Windows", "src\Vela.Windows\Vela.Windows.csproj", "{AF3973C8-8CBA-4681-B467-2B04AD508518}"
EndProject
Project("{FAE04EC0-301F-11D3-BF4B-00C04F79EFBC}") = "Vela.Tui", "src\Vela.Tui\Vela.Tui.csproj", "{66BF578E-64C0-40A9-AF79-0329DFBC7B74}"
EndProject
Project("{2150E333-8FDC-42A3-9474-1A3956D46DE8}") = "tests", "tests", "{0AB3BF05-4346-4AA6-1389-037BE0695223}"
EndProject
Project("{FAE04EC0-301F-11D3-BF4B-00C04F79EFBC}") = "Vela.Tests", "tests\Vela.Tests\Vela.Tests.csproj", "{A1052FED-2115-498D-A539-54BEE770A0D5}"
EndProject
Project("{FAE04EC0-301F-11D3-BF4B-00C04F79EFBC}") = "Vela.Application", "src\Vela.Application\Vela.Application.csproj", "{6C5F71FC-C4B3-4F9D-B603-471DF72DD513}"
EndProject
Global
	GlobalSection(SolutionConfigurationPlatforms) = preSolution
		Debug|Any CPU = Debug|Any CPU
		Debug|x64 = Debug|x64
		Debug|x86 = Debug|x86
		Release|Any CPU = Release|Any CPU
		Release|x64 = Release|x64
		Release|x86 = Release|x86
	EndGlobalSection
	GlobalSection(ProjectConfigurationPlatforms) = postSolution
		{94BCD769-9BEB-48DD-9CE4-21B887D11535}.Debug|Any CPU.ActiveCfg = Debug|Any CPU
		{94BCD769-9BEB-48DD-9CE4-21B887D11535}.Debug|Any CPU.Build.0 = Debug|Any CPU
		{94BCD769-9BEB-48DD-9CE4-21B887D11535}.Debug|x64.ActiveCfg = Debug|Any CPU
		{94BCD769-9BEB-48DD-9CE4-21B887D11535}.Debug|x64.Build.0 = Debug|Any CPU
		{94BCD769-9BEB-48DD-9CE4-21B887D11535}.Debug|x86.ActiveCfg = Debug|Any CPU
		{94BCD769-9BEB-48DD-9CE4-21B887D11535}.Debug|x86.Build.0 = Debug|Any CPU
		{94BCD769-9BEB-48DD-9CE4-21B887D11535}.Release|Any CPU.ActiveCfg = Release|Any CPU
		{94BCD769-9BEB-48DD-9CE4-21B887D11535}.Release|Any CPU.Build.0 = Release|Any CPU
		{94BCD769-9BEB-48DD-9CE4-21B887D11535}.Release|x64.ActiveCfg = Release|Any CPU
		{94BCD769-9BEB-48DD-9CE4-21B887D11535}.Release|x64.Build.0 = Release|Any CPU
		{94BCD769-9BEB-48DD-9CE4-21B887D11535}.Release|x86.ActiveCfg = Release|Any CPU
		{94BCD769-9BEB-48DD-9CE4-21B887D11535}.Release|x86.Build.0 = Release|Any CPU
		{AF3973C8-8CBA-4681-B467-2B04AD508518}.Debug|Any CPU.ActiveCfg = Debug|Any CPU
		{AF3973C8-8CBA-4681-B467-2B04AD508518}.Debug|Any CPU.Build.0 = Debug|Any CPU
		{AF3973C8-8CBA-4681-B467-2B04AD508518}.Debug|x64.ActiveCfg = Debug|Any CPU
		{AF3973C8-8CBA-4681-B467-2B04AD508518}.Debug|x64.Build.0 = Debug|Any CPU
		{AF3973C8-8CBA-4681-B467-2B04AD508518}.Debug|x86.ActiveCfg = Debug|Any CPU
		{AF3973C8-8CBA-4681-B467-2B04AD508518}.Debug|x86.Build.0 = Debug|Any CPU
		{AF3973C8-8CBA-4681-B467-2B04AD508518}.Release|Any CPU.ActiveCfg = Release|Any CPU
		{AF3973C8-8CBA-4681-B467-2B04AD508518}.Release|Any CPU.Build.0 = Release|Any CPU
		{AF3973C8-8CBA-4681-B467-2B04AD508518}.Release|x64.ActiveCfg = Release|Any CPU
		{AF3973C8-8CBA-4681-B467-2B04AD508518}.Release|x64.Build.0 = Release|Any CPU
		{AF3973C8-8CBA-4681-B467-2B04AD508518}.Release|x86.ActiveCfg = Release|Any CPU
		{AF3973C8-8CBA-4681-B467-2B04AD508518}.Release|x86.Build.0 = Release|Any CPU
		{66BF578E-64C0-40A9-AF79-0329DFBC7B74}.Debug|Any CPU.ActiveCfg = Debug|Any CPU
		{66BF578E-64C0-40A9-AF79-0329DFBC7B74}.Debug|Any CPU.Build.0 = Debug|Any CPU
		{66BF578E-64C0-40A9-AF79-0329DFBC7B74}.Debug|x64.ActiveCfg = Debug|Any CPU
		{66BF578E-64C0-40A9-AF79-0329DFBC7B74}.Debug|x64.Build.0 = Debug|Any CPU
		{66BF578E-64C0-40A9-AF79-0329DFBC7B74}.Debug|x86.ActiveCfg = Debug|Any CPU
		{66BF578E-64C0-40A9-AF79-0329DFBC7B74}.Debug|x86.Build.0 = Debug|Any CPU
		{66BF578E-64C0-40A9-AF79-0329DFBC7B74}.Release|Any CPU.ActiveCfg = Release|Any CPU
		{66BF578E-64C0-40A9-AF79-0329DFBC7B74}.Release|Any CPU.Build.0 = Release|Any CPU
		{66BF578E-64C0-40A9-AF79-0329DFBC7B74}.Release|x64.ActiveCfg = Release|Any CPU
		{66BF578E-64C0-40A9-AF79-0329DFBC7B74}.Release|x64.Build.0 = Release|Any CPU
		{66BF578E-64C0-40A9-AF79-0329DFBC7B74}.Release|x86.ActiveCfg = Release|Any CPU
		{66BF578E-64C0-40A9-AF79-0329DFBC7B74}.Release|x86.Build.0 = Release|Any CPU
		{A1052FED-2115-498D-A539-54BEE770A0D5}.Debug|Any CPU.ActiveCfg = Debug|Any CPU
		{A1052FED-2115-498D-A539-54BEE770A0D5}.Debug|Any CPU.Build.0 = Debug|Any CPU
		{A1052FED-2115-498D-A539-54BEE770A0D5}.Debug|x64.ActiveCfg = Debug|Any CPU
		{A1052FED-2115-498D-A539-54BEE770A0D5}.Debug|x64.Build.0 = Debug|Any CPU
		{A1052FED-2115-498D-A539-54BEE770A0D5}.Debug|x86.ActiveCfg = Debug|Any CPU
		{A1052FED-2115-498D-A539-54BEE770A0D5}.Debug|x86.Build.0 = Debug|Any CPU
		{A1052FED-2115-498D-A539-54BEE770A0D5}.Release|Any CPU.ActiveCfg = Release|Any CPU
		{A1052FED-2115-498D-A539-54BEE770A0D5}.Release|Any CPU.Build.0 = Release|Any CPU
		{A1052FED-2115-498D-A539-54BEE770A0D5}.Release|x64.ActiveCfg = Release|Any CPU
		{A1052FED-2115-498D-A539-54BEE770A0D5}.Release|x64.Build.0 = Release|Any CPU
		{A1052FED-2115-498D-A539-54BEE770A0D5}.Release|x86.ActiveCfg = Release|Any CPU
		{A1052FED-2115-498D-A539-54BEE770A0D5}.Release|x86.Build.0 = Release|Any CPU
		{6C5F71FC-C4B3-4F9D-B603-471DF72DD513}.Debug|Any CPU.ActiveCfg = Debug|Any CPU
		{6C5F71FC-C4B3-4F9D-B603-471DF72DD513}.Debug|Any CPU.Build.0 = Debug|Any CPU
		{6C5F71FC-C4B3-4F9D-B603-471DF72DD513}.Debug|x64.ActiveCfg = Debug|Any CPU
		{6C5F71FC-C4B3-4F9D-B603-471DF72DD513}.Debug|x64.Build.0 = Debug|Any CPU
		{6C5F71FC-C4B3-4F9D-B603-471DF72DD513}.Debug|x86.ActiveCfg = Debug|Any CPU
		{6C5F71FC-C4B3-4F9D-B603-471DF72DD513}.Debug|x86.Build.0 = Debug|Any CPU
		{6C5F71FC-C4B3-4F9D-B603-471DF72DD513}.Release|Any CPU.ActiveCfg = Release|Any CPU
		{6C5F71FC-C4B3-4F9D-B603-471DF72DD513}.Release|Any CPU.Build.0 = Release|Any CPU
		{6C5F71FC-C4B3-4F9D-B603-471DF72DD513}.Release|x64.ActiveCfg = Release|Any CPU
		{6C5F71FC-C4B3-4F9D-B603-471DF72DD513}.Release|x64.Build.0 = Release|Any CPU
		{6C5F71FC-C4B3-4F9D-B603-471DF72DD513}.Release|x86.ActiveCfg = Release|Any CPU
		{6C5F71FC-C4B3-4F9D-B603-471DF72DD513}.Release|x86.Build.0 = Release|Any CPU
	EndGlobalSection
	GlobalSection(SolutionProperties) = preSolution
		HideSolutionNode = FALSE
	EndGlobalSection
	GlobalSection(NestedProjects) = preSolution
		{94BCD769-9BEB-48DD-9CE4-21B887D11535} = {827E0CD3-B72D-47B6-A68D-7590B98EB39B}
		{AF3973C8-8CBA-4681-B467-2B04AD508518} = {827E0CD3-B72D-47B6-A68D-7590B98EB39B}
		{66BF578E-64C0-40A9-AF79-0329DFBC7B74} = {827E0CD3-B72D-47B6-A68D-7590B98EB39B}
		{A1052FED-2115-498D-A539-54BEE770A0D5} = {0AB3BF05-4346-4AA6-1389-037BE0695223}
		{6C5F71FC-C4B3-4F9D-B603-471DF72DD513} = {827E0CD3-B72D-47B6-A68D-7590B98EB39B}
	EndGlobalSection
	GlobalSection(ExtensibilityGlobals) = postSolution
		SolutionGuid = {A1337FF1-A97C-421F-91EB-C4913724BCD9}
	EndGlobalSection
EndGlobal
